
Microsoft Visual Studio Solution File, Format Version 12.00
# Visual Studio Version 16
VisualStudioVersion = 16.0.32228.343
MinimumVisualStudioVersion = 10.0.40219.1
Project("{FAE04EC0-301F-11D3-BF4B-00C04F79EFBC}") = "HW1", "HW1\HW1.csproj", "{70F526EF-5689-4D1F-B7DF-6E9952FE9BA7}"
EndProject
Global
	GlobalSection(SolutionConfigurationPlatforms) = preSolution
		Debug|Any CPU = Debug|Any CPU
		Release|Any CPU = Release|Any CPU
	EndGlobalSection
	GlobalSection(ProjectConfigurationPlatforms) = postSolution
		{70F526EF-5689-4D1F-B7DF-6E9952FE9BA7}.Debug|Any CPU.ActiveCfg = Debug|Any CPU
		{70F526EF-5689-4D1F-B7DF-6E9952FE9BA7}.Debug|Any CPU.Build.0 = Debug|Any CPU
		{70F526EF-5689-4D1F-B7DF-6E9952FE9BA7}.Release|Any CPU.ActiveCfg = Release|Any CPU
		{70F526EF-5689-4D1F-B7DF-6E9952FE9BA7}.Release|Any CPU.Build.0 = Release|Any CPU
	EndGlobalSection
	GlobalSection(SolutionProperties) = preSolution
		HideSolutionNode = FALSE
	EndGlobalSection
	GlobalSection(ExtensibilityGlobals) = postSolution
		SolutionGuid = {F18D7C50-DF6F-42F9-83F2-96DA9F90F992}
	EndGlobalSection
EndGlobal
